// !$*UTF8*$!
{
	archiveVersion = 1;
	classes = {
	};
	objectVersion = 60;
	objects = {

/* Begin PBXBuildFile section */
		BF5AC58B2B6EF76C007E703D /* PopH264 in Frameworks */ = {isa = PBXBuildFile; productRef = BF5AC58A2B6EF76C007E703D /* PopH264 */; };
		BF5BD38C2B6EC260009098D0 /* FileDecoder.swift in Sources */ = {isa = PBXBuildFile; fileRef = BF5BD38B2B6EC260009098D0 /* FileDecoder.swift */; };
		BF5EF7942B4B4241002AE6FB /* PopMp4 in Frameworks */ = {isa = PBXBuildFile; productRef = BF5EF7932B4B4241002AE6FB /* PopMp4 */; };
		BF6453692B656B7A00861D82 /* TrackView.swift in Sources */ = {isa = PBXBuildFile; fileRef = BF6453672B656B7A00861D82 /* TrackView.swift */; };
		BF64536A2B656B7A00861D82 /* AtomView.swift in Sources */ = {isa = PBXBuildFile; fileRef = BF6453682B656B7A00861D82 /* AtomView.swift */; };
		BF64536F2B669D2700861D82 /* DataTimelineView.swift in Sources */ = {isa = PBXBuildFile; fileRef = BF64536E2B669D2700861D82 /* DataTimelineView.swift */; };
		BF79FA342B44A1BD00914CB0 /* SnoopVideoApp.swift in Sources */ = {isa = PBXBuildFile; fileRef = BF79FA332B44A1BD00914CB0 /* SnoopVideoApp.swift */; };
		BF79FA362B44A1BD00914CB0 /* SnoopVideoDocument.swift in Sources */ = {isa = PBXBuildFile; fileRef = BF79FA352B44A1BD00914CB0 /* SnoopVideoDocument.swift */; };
		BF79FA382B44A1BD00914CB0 /* Mp4InstanceView.swift in Sources */ = {isa = PBXBuildFile; fileRef = BF79FA372B44A1BD00914CB0 /* Mp4InstanceView.swift */; };
		BF79FA3A2B44A1BE00914CB0 /* Assets.xcassets in Resources */ = {isa = PBXBuildFile; fileRef = BF79FA392B44A1BE00914CB0 /* Assets.xcassets */; };
		BF79FA3F2B44A1BE00914CB0 /* Preview Assets.xcassets in Resources */ = {isa = PBXBuildFile; fileRef = BF79FA3E2B44A1BE00914CB0 /* Preview Assets.xcassets */; };
/* End PBXBuildFile section */

/* Begin PBXFileReference section */
		BF5BD38B2B6EC260009098D0 /* FileDecoder.swift */ = {isa = PBXFileReference; fileEncoding = 4; lastKnownFileType = sourcecode.swift; path = FileDecoder.swift; sourceTree = "<group>"; };
		BF6453662B647AC800861D82 /* Icons */ = {isa = PBXFileReference; lastKnownFileType = folder; path = Icons; sourceTree = "<group>"; };
		BF6453672B656B7A00861D82 /* TrackView.swift */ = {isa = PBXFileReference; fileEncoding = 4; lastKnownFileType = sourcecode.swift; path = TrackView.swift; sourceTree = "<group>"; };
		BF6453682B656B7A00861D82 /* AtomView.swift */ = {isa = PBXFileReference; fileEncoding = 4; lastKnownFileType = sourcecode.swift; path = AtomView.swift; sourceTree = "<group>"; };
		BF64536E2B669D2700861D82 /* DataTimelineView.swift */ = {isa = PBXFileReference; fileEncoding = 4; lastKnownFileType = sourcecode.swift; path = DataTimelineView.swift; sourceTree = "<group>"; };
		BF79FA302B44A1BD00914CB0 /* SnoopVideo.app */ = {isa = PBXFileReference; explicitFileType = wrapper.application; includeInIndex = 0; path = SnoopVideo.app; sourceTree = BUILT_PRODUCTS_DIR; };
		BF79FA332B44A1BD00914CB0 /* SnoopVideoApp.swift */ = {isa = PBXFileReference; lastKnownFileType = sourcecode.swift; path = SnoopVideoApp.swift; sourceTree = "<group>"; };
		BF79FA352B44A1BD00914CB0 /* SnoopVideoDocument.swift */ = {isa = PBXFileReference; lastKnownFileType = sourcecode.swift; path = SnoopVideoDocument.swift; sourceTree = "<group>"; };
		BF79FA372B44A1BD00914CB0 /* Mp4InstanceView.swift */ = {isa = PBXFileReference; lastKnownFileType = sourcecode.swift; path = Mp4InstanceView.swift; sourceTree = "<group>"; };
		BF79FA392B44A1BE00914CB0 /* Assets.xcassets */ = {isa = PBXFileReference; lastKnownFileType = folder.assetcatalog; path = Assets.xcassets; sourceTree = "<group>"; };
		BF79FA3B2B44A1BE00914CB0 /* Info.plist */ = {isa = PBXFileReference; lastKnownFileType = text.plist.xml; path = Info.plist; sourceTree = "<group>"; };
		BF79FA3C2B44A1BE00914CB0 /* SnoopVideo.entitlements */ = {isa = PBXFileReference; lastKnownFileType = text.plist.entitlements; path = SnoopVideo.entitlements; sourceTree = "<group>"; };
		BF79FA3E2B44A1BE00914CB0 /* Preview Assets.xcassets */ = {isa = PBXFileReference; lastKnownFileType = folder.assetcatalog; path = "Preview Assets.xcassets"; sourceTree = "<group>"; };
		BF843DF52B5D8E9500247665 /* Version.xcconfig */ = {isa = PBXFileReference; lastKnownFileType = text.xcconfig; path = Version.xcconfig; sourceTree = "<group>"; };
		BF843DFB2B5F21D800247665 /* App.xcconfig */ = {isa = PBXFileReference; lastKnownFileType = text.xcconfig; path = App.xcconfig; sourceTree = "<group>"; };
/* End PBXFileReference section */

/* Begin PBXFrameworksBuildPhase section */
		BF79FA2D2B44A1BD00914CB0 /* Frameworks */ = {
			isa = PBXFrameworksBuildPhase;
			buildActionMask = 2147483647;
			files = (
				BF5EF7942B4B4241002AE6FB /* PopMp4 in Frameworks */,
			);
			runOnlyForDeploymentPostprocessing = 0;
		};
/* End PBXFrameworksBuildPhase section */

/* Begin PBXGroup section */
		BF5EF7902B4B39FB002AE6FB /* Frameworks */ = {
			isa = PBXGroup;
			children = (
			);
			name = Frameworks;
			sourceTree = "<group>";
		};
		BF64536C2B656BAA00861D82 /* Source */ = {
			isa = PBXGroup;
			children = (
				BF6453682B656B7A00861D82 /* AtomView.swift */,
				BF5BD38B2B6EC260009098D0 /* FileDecoder.swift */,
				BF64536E2B669D2700861D82 /* DataTimelineView.swift */,
				BF79FA372B44A1BD00914CB0 /* Mp4InstanceView.swift */,
				BF79FA332B44A1BD00914CB0 /* SnoopVideoApp.swift */,
				BF79FA352B44A1BD00914CB0 /* SnoopVideoDocument.swift */,
				BF6453672B656B7A00861D82 /* TrackView.swift */,
			);
			path = Source;
			sourceTree = "<group>";
		};
		BF64536D2B656BE300861D82 /* App */ = {
			isa = PBXGroup;
			children = (
				BF6453662B647AC800861D82 /* Icons */,
				BF843DFB2B5F21D800247665 /* App.xcconfig */,
				BF79FA392B44A1BE00914CB0 /* Assets.xcassets */,
				BF79FA3B2B44A1BE00914CB0 /* Info.plist */,
				BF79FA3D2B44A1BE00914CB0 /* PreviewContent */,
				BF79FA3C2B44A1BE00914CB0 /* SnoopVideo.entitlements */,
				BF843DF52B5D8E9500247665 /* Version.xcconfig */,
			);
			path = App;
			sourceTree = "<group>";
		};
		BF79FA272B44A1BD00914CB0 = {
			isa = PBXGroup;
			children = (
				BF64536D2B656BE300861D82 /* App */,
				BF64536C2B656BAA00861D82 /* Source */,
				BF79FA312B44A1BD00914CB0 /* Products */,
				BF5EF7902B4B39FB002AE6FB /* Frameworks */,
			);
			sourceTree = "<group>";
		};
		BF79FA312B44A1BD00914CB0 /* Products */ = {
			isa = PBXGroup;
			children = (
				BF79FA302B44A1BD00914CB0 /* SnoopVideo.app */,
			);
			name = Products;
			sourceTree = "<group>";
		};
		BF79FA3D2B44A1BE00914CB0 /* PreviewContent */ = {
			isa = PBXGroup;
			children = (
				BF79FA3E2B44A1BE00914CB0 /* Preview Assets.xcassets */,
			);
			path = PreviewContent;
			sourceTree = "<group>";
		};
/* End PBXGroup section */

/* Begin PBXNativeTarget section */
		BF79FA2F2B44A1BD00914CB0 /* SnoopVideo */ = {
			isa = PBXNativeTarget;
			buildConfigurationList = BF79FA422B44A1BE00914CB0 /* Build configuration list for PBXNativeTarget "SnoopVideo" */;
			buildPhases = (
				BF79FA2C2B44A1BD00914CB0 /* Sources */,
				BF79FA2D2B44A1BD00914CB0 /* Frameworks */,
				BF79FA2E2B44A1BD00914CB0 /* Resources */,
			);
			buildRules = (
			);
			dependencies = (
			);
			name = SnoopVideo;
			packageProductDependencies = (
				BF5EF7932B4B4241002AE6FB /* PopMp4 */,
			);
			productName = SnoopVideo;
			productReference = BF79FA302B44A1BD00914CB0 /* SnoopVideo.app */;
			productType = "com.apple.product-type.application";
		};
/* End PBXNativeTarget section */

/* Begin PBXProject section */
		BF79FA282B44A1BD00914CB0 /* Project object */ = {
			isa = PBXProject;
			attributes = {
				BuildIndependentTargetsInParallel = 1;
				LastSwiftUpdateCheck = 1500;
				LastUpgradeCheck = 1520;
				TargetAttributes = {
					BF79FA2F2B44A1BD00914CB0 = {
						CreatedOnToolsVersion = 15.0.1;
					};
				};
			};
			buildConfigurationList = BF79FA2B2B44A1BD00914CB0 /* Build configuration list for PBXProject "SnoopVideo" */;
			compatibilityVersion = "Xcode 14.0";
			developmentRegion = en;
			hasScannedForEncodings = 0;
			knownRegions = (
				en,
				Base,
			);
			mainGroup = BF79FA272B44A1BD00914CB0;
			packageReferences = (
				BF4366492B4B115300009182 /* XCLocalSwiftPackageReference "../PopMp4/PopMp4.SwiftPackage" */,
			);
			productRefGroup = BF79FA312B44A1BD00914CB0 /* Products */;
			projectDirPath = "";
			projectRoot = "";
			targets = (
				BF79FA2F2B44A1BD00914CB0 /* SnoopVideo */,
			);
		};
/* End PBXProject section */

/* Begin PBXResourcesBuildPhase section */
		BF79FA2E2B44A1BD00914CB0 /* Resources */ = {
			isa = PBXResourcesBuildPhase;
			buildActionMask = 2147483647;
			files = (
				BF79FA3F2B44A1BE00914CB0 /* Preview Assets.xcassets in Resources */,
				BF79FA3A2B44A1BE00914CB0 /* Assets.xcassets in Resources */,
			);
			runOnlyForDeploymentPostprocessing = 0;
		};
/* End PBXResourcesBuildPhase section */

/* Begin PBXSourcesBuildPhase section */
		BF79FA2C2B44A1BD00914CB0 /* Sources */ = {
			isa = PBXSourcesBuildPhase;
			buildActionMask = 2147483647;
			files = (
				BF79FA362B44A1BD00914CB0 /* SnoopVideoDocument.swift in Sources */,
				BF64536A2B656B7A00861D82 /* AtomView.swift in Sources */,
				BF5BD38C2B6EC260009098D0 /* FileDecoder.swift in Sources */,
				BF79FA342B44A1BD00914CB0 /* SnoopVideoApp.swift in Sources */,
				BF64536F2B669D2700861D82 /* DataTimelineView.swift in Sources */,
				BF6453692B656B7A00861D82 /* TrackView.swift in Sources */,
				BF79FA382B44A1BD00914CB0 /* Mp4InstanceView.swift in Sources */,
			);
			runOnlyForDeploymentPostprocessing = 0;
		};
/* End PBXSourcesBuildPhase section */

/* Begin XCBuildConfiguration section */
		BF79FA402B44A1BE00914CB0 /* Debug */ = {
			isa = XCBuildConfiguration;
			baseConfigurationReference = BF843DFB2B5F21D800247665 /* App.xcconfig */;
			buildSettings = {
				ALLOW_TARGET_PLATFORM_SPECIALIZATION = YES;
				ALWAYS_SEARCH_USER_PATHS = NO;
				ASSETCATALOG_COMPILER_GENERATE_SWIFT_ASSET_SYMBOL_EXTENSIONS = YES;
				CLANG_ANALYZER_NONNULL = YES;
				CLANG_ANALYZER_NUMBER_OBJECT_CONVERSION = YES_AGGRESSIVE;
				CLANG_CXX_LANGUAGE_STANDARD = "gnu++20";
				CLANG_ENABLE_MODULES = YES;
				CLANG_ENABLE_OBJC_ARC = YES;
				CLANG_ENABLE_OBJC_WEAK = YES;
				CLANG_WARN_BLOCK_CAPTURE_AUTORELEASING = YES;
				CLANG_WARN_BOOL_CONVERSION = YES;
				CLANG_WARN_COMMA = YES;
				CLANG_WARN_CONSTANT_CONVERSION = YES;
				CLANG_WARN_DEPRECATED_OBJC_IMPLEMENTATIONS = YES;
				CLANG_WARN_DIRECT_OBJC_ISA_USAGE = YES_ERROR;
				CLANG_WARN_DOCUMENTATION_COMMENTS = YES;
				CLANG_WARN_EMPTY_BODY = YES;
				CLANG_WARN_ENUM_CONVERSION = YES;
				CLANG_WARN_INFINITE_RECURSION = YES;
				CLANG_WARN_INT_CONVERSION = YES;
				CLANG_WARN_NON_LITERAL_NULL_CONVERSION = YES;
				CLANG_WARN_OBJC_IMPLICIT_RETAIN_SELF = YES;
				CLANG_WARN_OBJC_LITERAL_CONVERSION = YES;
				CLANG_WARN_OBJC_ROOT_CLASS = YES_ERROR;
				CLANG_WARN_QUOTED_INCLUDE_IN_FRAMEWORK_HEADER = YES;
				CLANG_WARN_RANGE_LOOP_ANALYSIS = YES;
				CLANG_WARN_STRICT_PROTOTYPES = YES;
				CLANG_WARN_SUSPICIOUS_MOVE = YES;
				CLANG_WARN_UNGUARDED_AVAILABILITY = YES_AGGRESSIVE;
				CLANG_WARN_UNREACHABLE_CODE = YES;
				CLANG_WARN__DUPLICATE_METHOD_MATCH = YES;
				COPY_PHASE_STRIP = NO;
				DEBUG_INFORMATION_FORMAT = dwarf;
				ENABLE_STRICT_OBJC_MSGSEND = YES;
				ENABLE_TESTABILITY = YES;
				ENABLE_USER_SCRIPT_SANDBOXING = YES;
				GCC_C_LANGUAGE_STANDARD = gnu17;
				GCC_DYNAMIC_NO_PIC = NO;
				GCC_NO_COMMON_BLOCKS = YES;
				GCC_OPTIMIZATION_LEVEL = 0;
				GCC_PREPROCESSOR_DEFINITIONS = (
					"DEBUG=1",
					"$(inherited)",
				);
				GCC_WARN_64_TO_32_BIT_CONVERSION = YES;
				GCC_WARN_ABOUT_RETURN_TYPE = YES_ERROR;
				GCC_WARN_UNDECLARED_SELECTOR = YES;
				GCC_WARN_UNINITIALIZED_AUTOS = YES_AGGRESSIVE;
				GCC_WARN_UNUSED_FUNCTION = YES;
				GCC_WARN_UNUSED_VARIABLE = YES;
				LOCALIZATION_PREFERS_STRING_CATALOGS = YES;
				MTL_ENABLE_DEBUG_INFO = INCLUDE_SOURCE;
				MTL_FAST_MATH = YES;
				ONLY_ACTIVE_ARCH = YES;
				SUPPORTED_PLATFORMS = "xrsimulator xros watchsimulator watchos macosx iphonesimulator iphoneos driverkit appletvsimulator appletvos";
				SUPPORTS_MACCATALYST = YES;
				SWIFT_ACTIVE_COMPILATION_CONDITIONS = "DEBUG $(inherited)";
				SWIFT_OPTIMIZATION_LEVEL = "-Onone";
			};
			name = Debug;
		};
		BF79FA412B44A1BE00914CB0 /* Release */ = {
			isa = XCBuildConfiguration;
			baseConfigurationReference = BF843DFB2B5F21D800247665 /* App.xcconfig */;
			buildSettings = {
				ALLOW_TARGET_PLATFORM_SPECIALIZATION = YES;
				ALWAYS_SEARCH_USER_PATHS = NO;
				ASSETCATALOG_COMPILER_GENERATE_SWIFT_ASSET_SYMBOL_EXTENSIONS = YES;
				CLANG_ANALYZER_NONNULL = YES;
				CLANG_ANALYZER_NUMBER_OBJECT_CONVERSION = YES_AGGRESSIVE;
				CLANG_CXX_LANGUAGE_STANDARD = "gnu++20";
				CLANG_ENABLE_MODULES = YES;
				CLANG_ENABLE_OBJC_ARC = YES;
				CLANG_ENABLE_OBJC_WEAK = YES;
				CLANG_WARN_BLOCK_CAPTURE_AUTORELEASING = YES;
				CLANG_WARN_BOOL_CONVERSION = YES;
				CLANG_WARN_COMMA = YES;
				CLANG_WARN_CONSTANT_CONVERSION = YES;
				CLANG_WARN_DEPRECATED_OBJC_IMPLEMENTATIONS = YES;
				CLANG_WARN_DIRECT_OBJC_ISA_USAGE = YES_ERROR;
				CLANG_WARN_DOCUMENTATION_COMMENTS = YES;
				CLANG_WARN_EMPTY_BODY = YES;
				CLANG_WARN_ENUM_CONVERSION = YES;
				CLANG_WARN_INFINITE_RECURSION = YES;
				CLANG_WARN_INT_CONVERSION = YES;
				CLANG_WARN_NON_LITERAL_NULL_CONVERSION = YES;
				CLANG_WARN_OBJC_IMPLICIT_RETAIN_SELF = YES;
				CLANG_WARN_OBJC_LITERAL_CONVERSION = YES;
				CLANG_WARN_OBJC_ROOT_CLASS = YES_ERROR;
				CLANG_WARN_QUOTED_INCLUDE_IN_FRAMEWORK_HEADER = YES;
				CLANG_WARN_RANGE_LOOP_ANALYSIS = YES;
				CLANG_WARN_STRICT_PROTOTYPES = YES;
				CLANG_WARN_SUSPICIOUS_MOVE = YES;
				CLANG_WARN_UNGUARDED_AVAILABILITY = YES_AGGRESSIVE;
				CLANG_WARN_UNREACHABLE_CODE = YES;
				CLANG_WARN__DUPLICATE_METHOD_MATCH = YES;
				COPY_PHASE_STRIP = NO;
				DEBUG_INFORMATION_FORMAT = "dwarf-with-dsym";
				ENABLE_NS_ASSERTIONS = NO;
				ENABLE_STRICT_OBJC_MSGSEND = YES;
				ENABLE_USER_SCRIPT_SANDBOXING = YES;
				GCC_C_LANGUAGE_STANDARD = gnu17;
				GCC_NO_COMMON_BLOCKS = YES;
				GCC_WARN_64_TO_32_BIT_CONVERSION = YES;
				GCC_WARN_ABOUT_RETURN_TYPE = YES_ERROR;
				GCC_WARN_UNDECLARED_SELECTOR = YES;
				GCC_WARN_UNINITIALIZED_AUTOS = YES_AGGRESSIVE;
				GCC_WARN_UNUSED_FUNCTION = YES;
				GCC_WARN_UNUSED_VARIABLE = YES;
				LOCALIZATION_PREFERS_STRING_CATALOGS = YES;
				MTL_ENABLE_DEBUG_INFO = NO;
				MTL_FAST_MATH = YES;
				SUPPORTED_PLATFORMS = "xrsimulator xros watchsimulator watchos macosx iphonesimulator iphoneos driverkit appletvsimulator appletvos";
				SUPPORTS_MACCATALYST = YES;
				SWIFT_COMPILATION_MODE = wholemodule;
			};
			name = Release;
		};
		BF79FA432B44A1BE00914CB0 /* Debug */ = {
			isa = XCBuildConfiguration;
			buildSettings = {
				ALLOW_TARGET_PLATFORM_SPECIALIZATION = YES;
				ASSETCATALOG_COMPILER_APPICON_NAME = AppIcon;
				ASSETCATALOG_COMPILER_GLOBAL_ACCENT_COLOR_NAME = AccentColor;
				ASSETCATALOG_COMPILER_INCLUDE_ALL_APPICON_ASSETS = YES;
				CODE_SIGN_ENTITLEMENTS = App/SnoopVideo.entitlements;
				CODE_SIGN_STYLE = Automatic;
				DEVELOPMENT_ASSET_PATHS = App/PreviewContent;
				DEVELOPMENT_TEAM = X52DR36JY2;
				ENABLE_HARDENED_RUNTIME = YES;
				ENABLE_PREVIEWS = YES;
				GENERATE_INFOPLIST_FILE = YES;
				INFOPLIST_FILE = App/Info.plist;
				INFOPLIST_KEY_CFBundleDisplayName = SnoopVideo;
				INFOPLIST_KEY_LSApplicationCategoryType = "public.app-category.developer-tools";
				INFOPLIST_KEY_LSSupportsOpeningDocumentsInPlace = YES;
				"INFOPLIST_KEY_UIApplicationSceneManifest_Generation[sdk=iphoneos*]" = YES;
				"INFOPLIST_KEY_UIApplicationSceneManifest_Generation[sdk=iphonesimulator*]" = YES;
				"INFOPLIST_KEY_UIApplicationSupportsIndirectInputEvents[sdk=iphoneos*]" = YES;
				"INFOPLIST_KEY_UIApplicationSupportsIndirectInputEvents[sdk=iphonesimulator*]" = YES;
				"INFOPLIST_KEY_UILaunchScreen_Generation[sdk=iphoneos*]" = YES;
				"INFOPLIST_KEY_UILaunchScreen_Generation[sdk=iphonesimulator*]" = YES;
				"INFOPLIST_KEY_UIStatusBarStyle[sdk=iphoneos*]" = UIStatusBarStyleDefault;
				"INFOPLIST_KEY_UIStatusBarStyle[sdk=iphonesimulator*]" = UIStatusBarStyleDefault;
				INFOPLIST_KEY_UISupportedInterfaceOrientations_iPad = "UIInterfaceOrientationPortrait UIInterfaceOrientationPortraitUpsideDown UIInterfaceOrientationLandscapeLeft UIInterfaceOrientationLandscapeRight";
				INFOPLIST_KEY_UISupportedInterfaceOrientations_iPhone = "UIInterfaceOrientationPortrait UIInterfaceOrientationLandscapeLeft UIInterfaceOrientationLandscapeRight";
				"INFOPLIST_KEY_UISupportsDocumentBrowser[sdk=iphoneos*]" = YES;
				"INFOPLIST_KEY_UISupportsDocumentBrowser[sdk=iphonesimulator*]" = YES;
				LD_RUNPATH_SEARCH_PATHS = "@executable_path/Frameworks";
				"LD_RUNPATH_SEARCH_PATHS[sdk=macosx*]" = "@executable_path/../Frameworks";
				SDKROOT = auto;
				SUPPORTED_PLATFORMS = "appletvos appletvsimulator iphoneos iphonesimulator macosx xros xrsimulator";
				SUPPORTS_MACCATALYST = NO;
				SUPPORTS_MAC_DESIGNED_FOR_IPHONE_IPAD = NO;
				SWIFT_EMIT_LOC_STRINGS = YES;
				SWIFT_VERSION = 5.0;
				TARGETED_DEVICE_FAMILY = "1,2";
			};
			name = Debug;
		};
		BF79FA442B44A1BE00914CB0 /* Release */ = {
			isa = XCBuildConfiguration;
			buildSettings = {
				ALLOW_TARGET_PLATFORM_SPECIALIZATION = YES;
				ASSETCATALOG_COMPILER_APPICON_NAME = AppIcon;
				ASSETCATALOG_COMPILER_GLOBAL_ACCENT_COLOR_NAME = AccentColor;
				ASSETCATALOG_COMPILER_INCLUDE_ALL_APPICON_ASSETS = YES;
				CODE_SIGN_ENTITLEMENTS = App/SnoopVideo.entitlements;
				CODE_SIGN_STYLE = Automatic;
				DEVELOPMENT_ASSET_PATHS = App/PreviewContent;
				DEVELOPMENT_TEAM = X52DR36JY2;
				ENABLE_HARDENED_RUNTIME = YES;
				ENABLE_PREVIEWS = YES;
				GENERATE_INFOPLIST_FILE = YES;
				INFOPLIST_FILE = App/Info.plist;
				INFOPLIST_KEY_CFBundleDisplayName = SnoopVideo;
				INFOPLIST_KEY_LSApplicationCategoryType = "public.app-category.developer-tools";
				INFOPLIST_KEY_LSSupportsOpeningDocumentsInPlace = YES;
				"INFOPLIST_KEY_UIApplicationSceneManifest_Generation[sdk=iphoneos*]" = YES;
				"INFOPLIST_KEY_UIApplicationSceneManifest_Generation[sdk=iphonesimulator*]" = YES;
				"INFOPLIST_KEY_UIApplicationSupportsIndirectInputEvents[sdk=iphoneos*]" = YES;
				"INFOPLIST_KEY_UIApplicationSupportsIndirectInputEvents[sdk=iphonesimulator*]" = YES;
				"INFOPLIST_KEY_UILaunchScreen_Generation[sdk=iphoneos*]" = YES;
				"INFOPLIST_KEY_UILaunchScreen_Generation[sdk=iphonesimulator*]" = YES;
				"INFOPLIST_KEY_UIStatusBarStyle[sdk=iphoneos*]" = UIStatusBarStyleDefault;
				"INFOPLIST_KEY_UIStatusBarStyle[sdk=iphonesimulator*]" = UIStatusBarStyleDefault;
				INFOPLIST_KEY_UISupportedInterfaceOrientations_iPad = "UIInterfaceOrientationPortrait UIInterfaceOrientationPortraitUpsideDown UIInterfaceOrientationLandscapeLeft UIInterfaceOrientationLandscapeRight";
				INFOPLIST_KEY_UISupportedInterfaceOrientations_iPhone = "UIInterfaceOrientationPortrait UIInterfaceOrientationLandscapeLeft UIInterfaceOrientationLandscapeRight";
				"INFOPLIST_KEY_UISupportsDocumentBrowser[sdk=iphoneos*]" = YES;
				"INFOPLIST_KEY_UISupportsDocumentBrowser[sdk=iphonesimulator*]" = YES;
				LD_RUNPATH_SEARCH_PATHS = "@executable_path/Frameworks";
				"LD_RUNPATH_SEARCH_PATHS[sdk=macosx*]" = "@executable_path/../Frameworks";
				SDKROOT = auto;
				SUPPORTED_PLATFORMS = "appletvos appletvsimulator iphoneos iphonesimulator macosx xros xrsimulator";
				SUPPORTS_MACCATALYST = NO;
				SUPPORTS_MAC_DESIGNED_FOR_IPHONE_IPAD = NO;
				SWIFT_EMIT_LOC_STRINGS = YES;
				SWIFT_VERSION = 5.0;
				TARGETED_DEVICE_FAMILY = "1,2";
			};
			name = Release;
		};
/* End XCBuildConfiguration section */

/* Begin XCConfigurationList section */
		BF79FA2B2B44A1BD00914CB0 /* Build configuration list for PBXProject "SnoopVideo" */ = {
			isa = XCConfigurationList;
			buildConfigurations = (
				BF79FA402B44A1BE00914CB0 /* Debug */,
				BF79FA412B44A1BE00914CB0 /* Release */,
			);
			defaultConfigurationIsVisible = 0;
			defaultConfigurationName = Release;
		};
		BF79FA422B44A1BE00914CB0 /* Build configuration list for PBXNativeTarget "SnoopVideo" */ = {
			isa = XCConfigurationList;
			buildConfigurations = (
				BF79FA432B44A1BE00914CB0 /* Debug */,
				BF79FA442B44A1BE00914CB0 /* Release */,
			);
			defaultConfigurationIsVisible = 0;
			defaultConfigurationName = Release;
		};
/* End XCConfigurationList section */

/* Begin XCLocalSwiftPackageReference section */
		BF4366492B4B115300009182 /* XCLocalSwiftPackageReference "../PopMp4/PopMp4.SwiftPackage" */ = {
			isa = XCLocalSwiftPackageReference;
			relativePath = ../PopMp4/PopMp4.SwiftPackage;
		};
/* End XCLocalSwiftPackageReference section */

/* Begin XCSwiftPackageProductDependency section */
		BF5EF7932B4B4241002AE6FB /* PopMp4 */ = {
			isa = XCSwiftPackageProductDependency;
			package = BF4366492B4B115300009182 /* XCLocalSwiftPackageReference "../PopMp4/PopMp4.SwiftPackage" */;
			productName = PopMp4;
		};
/* End XCSwiftPackageProductDependency section */
	};
	rootObject = BF79FA282B44A1BD00914CB0 /* Project object */;
}
